
Microsoft Visual Studio Solution File, Format Version 12.00
# Visual Studio Version 16
VisualStudioVersion = 16.0.32901.82
MinimumVisualStudioVersion = 10.0.40219.1
Project("{FAE04EC0-301F-11D3-BF4B-00C04F79EFBC}") = "information_security_lab1", "information_security_lab1.csproj", "{69AD774C-A2C7-48A5-A86F-5D939B78165A}"
EndProject
Global
	GlobalSection(SolutionConfigurationPlatforms) = preSolution
		Debug|Any CPU = Debug|Any CPU
		Release|Any CPU = Release|Any CPU
	EndGlobalSection
	GlobalSection(ProjectConfigurationPlatforms) = postSolution
		{69AD774C-A2C7-48A5-A86F-5D939B78165A}.Debug|Any CPU.ActiveCfg = Debug|Any CPU
		{69AD774C-A2C7-48A5-A86F-5D939B78165A}.Debug|Any CPU.Build.0 = Debug|Any CPU
		{69AD774C-A2C7-48A5-A86F-5D939B78165A}.Release|Any CPU.ActiveCfg = Release|Any CPU
		{69AD774C-A2C7-48A5-A86F-5D939B78165A}.Release|Any CPU.Build.0 = Release|Any CPU
	EndGlobalSection
	GlobalSection(SolutionProperties) = preSolution
		HideSolutionNode = FALSE
	EndGlobalSection
	GlobalSection(ExtensibilityGlobals) = postSolution
		SolutionGuid = {C21EFA0E-9835-46B7-B853-BCC084B60E90}
	EndGlobalSection
EndGlobal
